PODS:
  - iZootoiOSSDK (1.0.0)

DEPENDENCIES:
  - iZootoiOSSDK (from `../iZootoiOSSDK/`)

EXTERNAL SOURCES:
  iZootoiOSSDK:
    :path: "../iZootoiOSSDK/"

SPEC CHECKSUMS:
  iZootoiOSSDK: 3cb65a6ef694a5b65fe59a6fb3a3624d2f73e2fd

PODFILE CHECKSUM: 52328bcc271936c08a3db5e41e9cf02c7edffe01

COCOAPODS: 1.8.4
